
Microsoft Visual Studio Solution File, Format Version 12.00
# Visual Studio 15
VisualStudioVersion = 15.0.28010.2019
MinimumVisualStudioVersion = 10.0.40219.1
Project("{FAE04EC0-301F-11D3-BF4B-00C04F79EFBC}") = "SupervJoy", "SupervJoy.csproj", "{EEC02C32-AA3E-4222-A63A-BF0CC2C85977}"
EndProject
Global
	GlobalSection(SolutionConfigurationPlatforms) = preSolution
		Debug|Any CPU = Debug|Any CPU
		Release|Any CPU = Release|Any CPU
	EndGlobalSection
	GlobalSection(ProjectConfigurationPlatforms) = postSolution
		{EEC02C32-AA3E-4222-A63A-BF0CC2C85977}.Debug|Any CPU.ActiveCfg = Debug|Any CPU
		{EEC02C32-AA3E-4222-A63A-BF0CC2C85977}.Debug|Any CPU.Build.0 = Debug|Any CPU
		{EEC02C32-AA3E-4222-A63A-BF0CC2C85977}.Release|Any CPU.ActiveCfg = Release|Any CPU
		{EEC02C32-AA3E-4222-A63A-BF0CC2C85977}.Release|Any CPU.Build.0 = Release|Any CPU
	EndGlobalSection
	GlobalSection(SolutionProperties) = preSolution
		HideSolutionNode = FALSE
	EndGlobalSection
	GlobalSection(ExtensibilityGlobals) = postSolution
		SolutionGuid = {F97106BE-F507-4278-937B-20A15B355B3D}
	EndGlobalSection
EndGlobal
